// !$*UTF8*$!
{
	archiveVersion = 1;
	classes = {
	};
	objectVersion = 50;
	objects = {

/* Begin PBXBuildFile section */
		90482AED2435DDDC00703200 /* FBShimmering.h in Headers */ = {isa = PBXBuildFile; fileRef = 90482AE72435DDDC00703200 /* FBShimmering.h */; settings = {ATTRIBUTES = (Public, ); }; };
		90482AEE2435DDDC00703200 /* FBShimmeringLayer.h in Headers */ = {isa = PBXBuildFile; fileRef = 90482AE82435DDDC00703200 /* FBShimmeringLayer.h */; settings = {ATTRIBUTES = (Public, ); }; };
		90482AEF2435DDDC00703200 /* FBShimmeringView.m in Sources */ = {isa = PBXBuildFile; fileRef = 90482AE92435DDDC00703200 /* FBShimmeringView.m */; };
		90482AF02435DDDC00703200 /* FBShimmeringLayer.m in Sources */ = {isa = PBXBuildFile; fileRef = 90482AEA2435DDDC00703200 /* FBShimmeringLayer.m */; };
		90482AF12435DDDC00703200 /* FBShimmering-Prefix.pch in Headers */ = {isa = PBXBuildFile; fileRef = 90482AEB2435DDDC00703200 /* FBShimmering-Prefix.pch */; settings = {ATTRIBUTES = (Public, ); }; };
		90482AF22435DDDC00703200 /* FBShimmeringView.h in Headers */ = {isa = PBXBuildFile; fileRef = 90482AEC2435DDDC00703200 /* FBShimmeringView.h */; settings = {ATTRIBUTES = (Public, ); }; };
/* End PBXBuildFile section */

/* Begin PBXFileReference section */
		90482ADC2435DDA200703200 /* Shimmer.framework */ = {isa = PBXFileReference; explicitFileType = wrapper.framework; includeInIndex = 0; path = Shimmer.framework; sourceTree = BUILT_PRODUCTS_DIR; };
		90482AE02435DDA200703200 /* Info.plist */ = {isa = PBXFileReference; lastKnownFileType = text.plist.xml; path = Info.plist; sourceTree = "<group>"; };
		90482AE72435DDDC00703200 /* FBShimmering.h */ = {isa = PBXFileReference; fileEncoding = 4; lastKnownFileType = sourcecode.c.h; name = FBShimmering.h; path = FBShimmering/FBShimmering.h; sourceTree = SOURCE_ROOT; };
		90482AE82435DDDC00703200 /* FBShimmeringLayer.h */ = {isa = PBXFileReference; fileEncoding = 4; lastKnownFileType = sourcecode.c.h; name = FBShimmeringLayer.h; path = FBShimmering/FBShimmeringLayer.h; sourceTree = SOURCE_ROOT; };
		90482AE92435DDDC00703200 /* FBShimmeringView.m */ = {isa = PBXFileReference; fileEncoding = 4; lastKnownFileType = sourcecode.c.objc; name = FBShimmeringView.m; path = FBShimmering/FBShimmeringView.m; sourceTree = SOURCE_ROOT; };
		90482AEA2435DDDC00703200 /* FBShimmeringLayer.m */ = {isa = PBXFileReference; fileEncoding = 4; lastKnownFileType = sourcecode.c.objc; name = FBShimmeringLayer.m; path = FBShimmering/FBShimmeringLayer.m; sourceTree = SOURCE_ROOT; };
		90482AEB2435DDDC00703200 /* FBShimmering-Prefix.pch */ = {isa = PBXFileReference; fileEncoding = 4; lastKnownFileType = sourcecode.c.h; name = "FBShimmering-Prefix.pch"; path = "FBShimmering/FBShimmering-Prefix.pch"; sourceTree = SOURCE_ROOT; };
		90482AEC2435DDDC00703200 /* FBShimmeringView.h */ = {isa = PBXFileReference; fileEncoding = 4; lastKnownFileType = sourcecode.c.h; name = FBShimmeringView.h; path = FBShimmering/FBShimmeringView.h; sourceTree = SOURCE_ROOT; };
/* End PBXFileReference section */

/* Begin PBXFrameworksBuildPhase section */
		90482AD92435DDA200703200 /* Frameworks */ = {
			isa = PBXFrameworksBuildPhase;
			buildActionMask = 2147483647;
			files = (
			);
			runOnlyForDeploymentPostprocessing = 0;
		};
/* End PBXFrameworksBuildPhase section */

/* Begin PBXGroup section */
		90482AD22435DDA200703200 = {
			isa = PBXGroup;
			children = (
				90482ADE2435DDA200703200 /* Shimmer */,
				90482ADD2435DDA200703200 /* Products */,
			);
			sourceTree = "<group>";
		};
		90482ADD2435DDA200703200 /* Products */ = {
			isa = PBXGroup;
			children = (
				90482ADC2435DDA200703200 /* Shimmer.framework */,
			);
			name = Products;
			sourceTree = "<group>";
		};
		90482ADE2435DDA200703200 /* Shimmer */ = {
			isa = PBXGroup;
			children = (
				90482AE02435DDA200703200 /* Info.plist */,
				90482AEB2435DDDC00703200 /* FBShimmering-Prefix.pch */,
				90482AE72435DDDC00703200 /* FBShimmering.h */,
				90482AE82435DDDC00703200 /* FBShimmeringLayer.h */,
				90482AEA2435DDDC00703200 /* FBShimmeringLayer.m */,
				90482AEC2435DDDC00703200 /* FBShimmeringView.h */,
				90482AE92435DDDC00703200 /* FBShimmeringView.m */,
			);
			path = Shimmer;
			sourceTree = "<group>";
		};
/* End PBXGroup section */

/* Begin PBXHeadersBuildPhase section */
		90482AD72435DDA200703200 /* Headers */ = {
			isa = PBXHeadersBuildPhase;
			buildActionMask = 2147483647;
			files = (
				90482AEE2435DDDC00703200 /* FBShimmeringLayer.h in Headers */,
				90482AF12435DDDC00703200 /* FBShimmering-Prefix.pch in Headers */,
				90482AF22435DDDC00703200 /* FBShimmeringView.h in Headers */,
				90482AED2435DDDC00703200 /* FBShimmering.h in Headers */,
			);
			runOnlyForDeploymentPostprocessing = 0;
		};
/* End PBXHeadersBuildPhase section */

/* Begin PBXNativeTarget section */
		90482ADB2435DDA200703200 /* Shimmer */ = {
			isa = PBXNativeTarget;
			buildConfigurationList = 90482AE42435DDA200703200 /* Build configuration list for PBXNativeTarget "Shimmer" */;
			buildPhases = (
				90482AD72435DDA200703200 /* Headers */,
				90482AD82435DDA200703200 /* Sources */,
				90482AD92435DDA200703200 /* Frameworks */,
				90482ADA2435DDA200703200 /* Resources */,
			);
			buildRules = (
			);
			dependencies = (
			);
			name = Shimmer;
			productName = Shimmer;
			productReference = 90482ADC2435DDA200703200 /* Shimmer.framework */;
			productType = "com.apple.product-type.framework";
		};
/* End PBXNativeTarget section */

/* Begin PBXProject section */
		90482AD32435DDA200703200 /* Project object */ = {
			isa = PBXProject;
			attributes = {
				LastUpgradeCheck = 1140;
				ORGANIZATIONNAME = Noondate;
				TargetAttributes = {
					90482ADB2435DDA200703200 = {
						CreatedOnToolsVersion = 11.4;
					};
				};
			};
			buildConfigurationList = 90482AD62435DDA200703200 /* Build configuration list for PBXProject "Shimmer" */;
			compatibilityVersion = "Xcode 9.3";
			developmentRegion = en;
			hasScannedForEncodings = 0;
			knownRegions = (
				en,
				Base,
			);
			mainGroup = 90482AD22435DDA200703200;
			productRefGroup = 90482ADD2435DDA200703200 /* Products */;
			projectDirPath = "";
			projectRoot = "";
			targets = (
				90482ADB2435DDA200703200 /* Shimmer */,
			);
		};
/* End PBXProject section */

/* Begin PBXResourcesBuildPhase section */
		90482ADA2435DDA200703200 /* Resources */ = {
			isa = PBXResourcesBuildPhase;
			buildActionMask = 2147483647;
			files = (
			);
			runOnlyForDeploymentPostprocessing = 0;
		};
/* End PBXResourcesBuildPhase section */

/* Begin PBXSourcesBuildPhase section */
		90482AD82435DDA200703200 /* Sources */ = {
			isa = PBXSourcesBuildPhase;
			buildActionMask = 2147483647;
			files = (
				90482AF02435DDDC00703200 /* FBShimmeringLayer.m in Sources */,
				90482AEF2435DDDC00703200 /* FBShimmeringView.m in Sources */,
			);
			runOnlyForDeploymentPostprocessing = 0;
		};
/* End PBXSourcesBuildPhase section */

/* Begin XCBuildConfiguration section */
		90482AE22435DDA200703200 /* Debug */ = {
			isa = XCBuildConfiguration;
			buildSettings = {
				ALWAYS_SEARCH_USER_PATHS = NO;
				CLANG_ANALYZER_NONNULL = YES;
				CLANG_ANALYZER_NUMBER_OBJECT_CONVERSION = YES_AGGRESSIVE;
				CLANG_CXX_LANGUAGE_STANDARD = "gnu++14";
				CLANG_CXX_LIBRARY = "libc++";
				CLANG_ENABLE_MODULES = YES;
				CLANG_ENABLE_OBJC_ARC = YES;
				CLANG_ENABLE_OBJC_WEAK = YES;
				CLANG_WARN_BLOCK_CAPTURE_AUTORELEASING = YES;
				CLANG_WARN_BOOL_CONVERSION = YES;
				CLANG_WARN_COMMA = YES;
				CLANG_WARN_CONSTANT_CONVERSION = YES;
				CLANG_WARN_DEPRECATED_OBJC_IMPLEMENTATIONS = YES;
				CLANG_WARN_DIRECT_OBJC_ISA_USAGE = YES_ERROR;
				CLANG_WARN_DOCUMENTATION_COMMENTS = YES;
				CLANG_WARN_EMPTY_BODY = YES;
				CLANG_WARN_ENUM_CONVERSION = YES;
				CLANG_WARN_INFINITE_RECURSION = YES;
				CLANG_WARN_INT_CONVERSION = YES;
				CLANG_WARN_NON_LITERAL_NULL_CONVERSION = YES;
				CLANG_WARN_OBJC_IMPLICIT_RETAIN_SELF = YES;
				CLANG_WARN_OBJC_LITERAL_CONVERSION = YES;
				CLANG_WARN_OBJC_ROOT_CLASS = YES_ERROR;
				CLANG_WARN_RANGE_LOOP_ANALYSIS = YES;
				CLANG_WARN_STRICT_PROTOTYPES = YES;
				CLANG_WARN_SUSPICIOUS_MOVE = YES;
				CLANG_WARN_UNGUARDED_AVAILABILITY = YES_AGGRESSIVE;
				CLANG_WARN_UNREACHABLE_CODE = YES;
				CLANG_WARN__DUPLICATE_METHOD_MATCH = YES;
				COPY_PHASE_STRIP = NO;
				CURRENT_PROJECT_VERSION = 1;
				DEBUG_INFORMATION_FORMAT = dwarf;
				ENABLE_STRICT_OBJC_MSGSEND = YES;
				ENABLE_TESTABILITY = YES;
				GCC_C_LANGUAGE_STANDARD = gnu11;
				GCC_DYNAMIC_NO_PIC = NO;
				GCC_NO_COMMON_BLOCKS = YES;
				GCC_OPTIMIZATION_LEVEL = 0;
				GCC_PREPROCESSOR_DEFINITIONS = (
					"DEBUG=1",
					"$(inherited)",
				);
				GCC_WARN_64_TO_32_BIT_CONVERSION = YES;
				GCC_WARN_ABOUT_RETURN_TYPE = YES_ERROR;
				GCC_WARN_UNDECLARED_SELECTOR = YES;
				GCC_WARN_UNINITIALIZED_AUTOS = YES_AGGRESSIVE;
				GCC_WARN_UNUSED_FUNCTION = YES;
				GCC_WARN_UNUSED_VARIABLE = YES;
				IPHONEOS_DEPLOYMENT_TARGET = 10.0;
				MTL_ENABLE_DEBUG_INFO = INCLUDE_SOURCE;
				MTL_FAST_MATH = YES;
				ONLY_ACTIVE_ARCH = YES;
				SDKROOT = iphoneos;
				VERSIONING_SYSTEM = "apple-generic";
				VERSION_INFO_PREFIX = "";
			};
			name = Debug;
		};
		90482AE32435DDA200703200 /* Release */ = {
			isa = XCBuildConfiguration;
			buildSettings = {
				ALWAYS_SEARCH_USER_PATHS = NO;
				CLANG_ANALYZER_NONNULL = YES;
				CLANG_ANALYZER_NUMBER_OBJECT_CONVERSION = YES_AGGRESSIVE;
				CLANG_CXX_LANGUAGE_STANDARD = "gnu++14";
				CLANG_CXX_LIBRARY = "libc++";
				CLANG_ENABLE_MODULES = YES;
				CLANG_ENABLE_OBJC_ARC = YES;
				CLANG_ENABLE_OBJC_WEAK = YES;
				CLANG_WARN_BLOCK_CAPTURE_AUTORELEASING = YES;
				CLANG_WARN_BOOL_CONVERSION = YES;
				CLANG_WARN_COMMA = YES;
				CLANG_WARN_CONSTANT_CONVERSION = YES;
				CLANG_WARN_DEPRECATED_OBJC_IMPLEMENTATIONS = YES;
				CLANG_WARN_DIRECT_OBJC_ISA_USAGE = YES_ERROR;
				CLANG_WARN_DOCUMENTATION_COMMENTS = YES;
				CLANG_WARN_EMPTY_BODY = YES;
				CLANG_WARN_ENUM_CONVERSION = YES;
				CLANG_WARN_INFINITE_RECURSION = YES;
				CLANG_WARN_INT_CONVERSION = YES;
				CLANG_WARN_NON_LITERAL_NULL_CONVERSION = YES;
				CLANG_WARN_OBJC_IMPLICIT_RETAIN_SELF = YES;
				CLANG_WARN_OBJC_LITERAL_CONVERSION = YES;
				CLANG_WARN_OBJC_ROOT_CLASS = YES_ERROR;
				CLANG_WARN_RANGE_LOOP_ANALYSIS = YES;
				CLANG_WARN_STRICT_PROTOTYPES = YES;
				CLANG_WARN_SUSPICIOUS_MOVE = YES;
				CLANG_WARN_UNGUARDED_AVAILABILITY = YES_AGGRESSIVE;
				CLANG_WARN_UNREACHABLE_CODE = YES;
				CLANG_WARN__DUPLICATE_METHOD_MATCH = YES;
				COPY_PHASE_STRIP = NO;
				CURRENT_PROJECT_VERSION = 1;
				DEBUG_INFORMATION_FORMAT = "dwarf-with-dsym";
				ENABLE_NS_ASSERTIONS = NO;
				ENABLE_STRICT_OBJC_MSGSEND = YES;
				GCC_C_LANGUAGE_STANDARD = gnu11;
				GCC_NO_COMMON_BLOCKS = YES;
				GCC_WARN_64_TO_32_BIT_CONVERSION = YES;
				GCC_WARN_ABOUT_RETURN_TYPE = YES_ERROR;
				GCC_WARN_UNDECLARED_SELECTOR = YES;
				GCC_WARN_UNINITIALIZED_AUTOS = YES_AGGRESSIVE;
				GCC_WARN_UNUSED_FUNCTION = YES;
				GCC_WARN_UNUSED_VARIABLE = YES;
				IPHONEOS_DEPLOYMENT_TARGET = 10.0;
				MTL_ENABLE_DEBUG_INFO = NO;
				MTL_FAST_MATH = YES;
				SDKROOT = iphoneos;
				VALIDATE_PRODUCT = YES;
				VERSIONING_SYSTEM = "apple-generic";
				VERSION_INFO_PREFIX = "";
			};
			name = Release;
		};
		90482AE52435DDA200703200 /* Debug */ = {
			isa = XCBuildConfiguration;
			buildSettings = {
				CODE_SIGN_STYLE = Automatic;
				DEFINES_MODULE = YES;
				DEVELOPMENT_TEAM = PC36C8P696;
				DYLIB_COMPATIBILITY_VERSION = 1;
				DYLIB_CURRENT_VERSION = 1;
				DYLIB_INSTALL_NAME_BASE = "@rpath";
				INFOPLIST_FILE = Shimmer/Info.plist;
				INSTALL_PATH = "$(LOCAL_LIBRARY_DIR)/Frameworks";
				LD_RUNPATH_SEARCH_PATHS = (
					"$(inherited)",
					"@executable_path/Frameworks",
					"@loader_path/Frameworks",
				);
				PRODUCT_BUNDLE_IDENTIFIER = noondate.Shimmer;
				PRODUCT_NAME = "$(TARGET_NAME:c99extidentifier)";
				SKIP_INSTALL = YES;
				TARGETED_DEVICE_FAMILY = "1,2";
			};
			name = Debug;
		};
		90482AE62435DDA200703200 /* Release */ = {
			isa = XCBuildConfiguration;
			buildSettings = {
				CODE_SIGN_STYLE = Automatic;
				DEFINES_MODULE = YES;
				DEVELOPMENT_TEAM = PC36C8P696;
				DYLIB_COMPATIBILITY_VERSION = 1;
				DYLIB_CURRENT_VERSION = 1;
				DYLIB_INSTALL_NAME_BASE = "@rpath";
				INFOPLIST_FILE = Shimmer/Info.plist;
				INSTALL_PATH = "$(LOCAL_LIBRARY_DIR)/Frameworks";
				LD_RUNPATH_SEARCH_PATHS = (
					"$(inherited)",
					"@executable_path/Frameworks",
					"@loader_path/Frameworks",
				);
				PRODUCT_BUNDLE_IDENTIFIER = noondate.Shimmer;
				PRODUCT_NAME = "$(TARGET_NAME:c99extidentifier)";
				SKIP_INSTALL = YES;
				TARGETED_DEVICE_FAMILY = "1,2";
			};
			name = Release;
		};
/* End XCBuildConfiguration section */

/* Begin XCConfigurationList section */
		90482AD62435DDA200703200 /* Build configuration list for PBXProject "Shimmer" */ = {
			isa = XCConfigurationList;
			buildConfigurations = (
				90482AE22435DDA200703200 /* Debug */,
				90482AE32435DDA200703200 /* Release */,
			);
			defaultConfigurationIsVisible = 0;
			defaultConfigurationName = Release;
		};
		90482AE42435DDA200703200 /* Build configuration list for PBXNativeTarget "Shimmer" */ = {
			isa = XCConfigurationList;
			buildConfigurations = (
				90482AE52435DDA200703200 /* Debug */,
				90482AE62435DDA200703200 /* Release */,
			);
			defaultConfigurationIsVisible = 0;
			defaultConfigurationName = Release;
		};
/* End XCConfigurationList section */
	};
	rootObject = 90482AD32435DDA200703200 /* Project object */;
}
